
Microsoft Visual Studio Solution File, Format Version 12.00
# Visual Studio Version 16
VisualStudioVersion = 16.0.30011.22
MinimumVisualStudioVersion = 10.0.40219.1
Project("{9A19103F-16F7-4668-BE54-9A1E7A4F7556}") = "WageringGG.Server", "WageringGG\Server\WageringGG.Server.csproj", "{51AA1F53-F558-4DE4-9FCA-443FFC2D6A78}"
EndProject
Project("{9A19103F-16F7-4668-BE54-9A1E7A4F7556}") = "WageringGG.Client", "WageringGG\Client\WageringGG.Client.csproj", "{79D787B8-ABBB-4FC8-8B6B-ABF175394023}"
EndProject
Project("{9A19103F-16F7-4668-BE54-9A1E7A4F7556}") = "WageringGG.Shared", "WageringGG\Shared\WageringGG.Shared.csproj", "{CA91D6C9-1B07-47E3-A2B8-92A688F2D6B1}"
EndProject
Global
	GlobalSection(SolutionConfigurationPlatforms) = preSolution
		Debug|Any CPU = Debug|Any CPU
		Release|Any CPU = Release|Any CPU
	EndGlobalSection
	GlobalSection(ProjectConfigurationPlatforms) = postSolution
		{51AA1F53-F558-4DE4-9FCA-443FFC2D6A78}.Debug|Any CPU.ActiveCfg = Debug|Any CPU
		{51AA1F53-F558-4DE4-9FCA-443FFC2D6A78}.Debug|Any CPU.Build.0 = Debug|Any CPU
		{51AA1F53-F558-4DE4-9FCA-443FFC2D6A78}.Release|Any CPU.ActiveCfg = Release|Any CPU
		{51AA1F53-F558-4DE4-9FCA-443FFC2D6A78}.Release|Any CPU.Build.0 = Release|Any CPU
		{79D787B8-ABBB-4FC8-8B6B-ABF175394023}.Debug|Any CPU.ActiveCfg = Debug|Any CPU
		{79D787B8-ABBB-4FC8-8B6B-ABF175394023}.Debug|Any CPU.Build.0 = Debug|Any CPU
		{79D787B8-ABBB-4FC8-8B6B-ABF175394023}.Release|Any CPU.ActiveCfg = Release|Any CPU
		{79D787B8-ABBB-4FC8-8B6B-ABF175394023}.Release|Any CPU.Build.0 = Release|Any CPU
		{CA91D6C9-1B07-47E3-A2B8-92A688F2D6B1}.Debug|Any CPU.ActiveCfg = Debug|Any CPU
		{CA91D6C9-1B07-47E3-A2B8-92A688F2D6B1}.Debug|Any CPU.Build.0 = Debug|Any CPU
		{CA91D6C9-1B07-47E3-A2B8-92A688F2D6B1}.Release|Any CPU.ActiveCfg = Release|Any CPU
		{CA91D6C9-1B07-47E3-A2B8-92A688F2D6B1}.Release|Any CPU.Build.0 = Release|Any CPU
	EndGlobalSection
	GlobalSection(SolutionProperties) = preSolution
		HideSolutionNode = FALSE
	EndGlobalSection
	GlobalSection(ExtensibilityGlobals) = postSolution
		SolutionGuid = {FD54F510-9F7B-4F52-A446-4EE5AFD395C0}
	EndGlobalSection
EndGlobal
